{
  "name": "viralmind-agents",
  "version": "0.3.0",
  "lockfileVersion": 3,
  "requires": true,
  "packages": {
    "": {
      "name": "viralmind-agents",
      "version": "0.3.0",
      "license": "GPL-3.0-or-later",
      "dependencies": {
        "node-rdpjs": "^0.3.0"
      }
    },
    "node_modules/lodash": {
      "version": "3.3.0",
      "resolved": "https://registry.npmjs.org/lodash/-/lodash-3.3.0.tgz",
      "integrity": "sha512-gpux6tVfBHsUdUIciz5HoV0ChAxUTvi0ChpQMIjAsKtg6FTYFtd1B1G0JlqHvAio3teaMVGPDPk2seVq1INwOQ==",
      "license": "MIT"
    },
    "node_modules/node-rdpjs": {
      "version": "0.3.0",
      "resolved": "https://registry.npmjs.org/node-rdpjs/-/node-rdpjs-0.3.0.tgz",
      "integrity": "sha512-k0p31bhAkv4YB4Vt0WWona36z3FCLVat37dkxQhnAFG5Xmd46h5E+gqDPAacHT5k8RFLB+Aoy0tlTYY9PWkI4w==",
      "engines": [
        "node = 0.10.x"
      ],
      "license": "AGPL v3.0",
      "dependencies": {
        "lodash": "3.3.0",
        "starttls": "^1.0.0"
      }
    },
    "node_modules/starttls": {
      "version": "1.0.1",
      "resolved": "https://registry.npmjs.org/starttls/-/starttls-1.0.1.tgz",
      "integrity": "sha512-mfOPDJsq1GSvCyl6qQK5Slj486+6c2E/DJ3vo0TXs4kB+6xFBBuua2ngiudFyjpRYr9BIibsW9wn/5gl4EPaoA=="
    }
  }
}
